
Microsoft Visual Studio Solution File, Format Version 12.00
# Visual Studio Version 17
VisualStudioVersion = 17.5.33530.505
MinimumVisualStudioVersion = 10.0.40219.1
Project("{FAE04EC0-301F-11D3-BF4B-00C04F79EFBC}") = "userApplication", "userApplication\userApplication.csproj", "{463C3649-856F-46B5-9852-BDB4B195C7FE}"
EndProject
Global
	GlobalSection(SolutionConfigurationPlatforms) = preSolution
		Debug|Any CPU = Debug|Any CPU
		Release|Any CPU = Release|Any CPU
	EndGlobalSection
	GlobalSection(ProjectConfigurationPlatforms) = postSolution
		{463C3649-856F-46B5-9852-BDB4B195C7FE}.Debug|Any CPU.ActiveCfg = Debug|Any CPU
		{463C3649-856F-46B5-9852-BDB4B195C7FE}.Debug|Any CPU.Build.0 = Debug|Any CPU
		{463C3649-856F-46B5-9852-BDB4B195C7FE}.Release|Any CPU.ActiveCfg = Release|Any CPU
		{463C3649-856F-46B5-9852-BDB4B195C7FE}.Release|Any CPU.Build.0 = Release|Any CPU
	EndGlobalSection
	GlobalSection(SolutionProperties) = preSolution
		HideSolutionNode = FALSE
	EndGlobalSection
	GlobalSection(ExtensibilityGlobals) = postSolution
		SolutionGuid = {EE181253-DCC2-4A46-95A8-560186DD49ED}
	EndGlobalSection
EndGlobal
